
Microsoft Visual Studio Solution File, Format Version 12.00
# Visual Studio Version 16
VisualStudioVersion = 16.0.30320.27
MinimumVisualStudioVersion = 10.0.40219.1
Project("{FAE04EC0-301F-11D3-BF4B-00C04F79EFBC}") = "Pokedex.API", "Pokedex.API\Pokedex.API.csproj", "{56945C60-DB84-4653-8AE3-56E98BB65E73}"
EndProject
Global
	GlobalSection(SolutionConfigurationPlatforms) = preSolution
		Debug|Any CPU = Debug|Any CPU
		Release|Any CPU = Release|Any CPU
	EndGlobalSection
	GlobalSection(ProjectConfigurationPlatforms) = postSolution
		{56945C60-DB84-4653-8AE3-56E98BB65E73}.Debug|Any CPU.ActiveCfg = Debug|Any CPU
		{56945C60-DB84-4653-8AE3-56E98BB65E73}.Debug|Any CPU.Build.0 = Debug|Any CPU
		{56945C60-DB84-4653-8AE3-56E98BB65E73}.Release|Any CPU.ActiveCfg = Release|Any CPU
		{56945C60-DB84-4653-8AE3-56E98BB65E73}.Release|Any CPU.Build.0 = Release|Any CPU
	EndGlobalSection
	GlobalSection(SolutionProperties) = preSolution
		HideSolutionNode = FALSE
	EndGlobalSection
	GlobalSection(ExtensibilityGlobals) = postSolution
		SolutionGuid = {D8130751-F14C-418C-ADE0-80FEA380C1DD}
	EndGlobalSection
EndGlobal
